
Microsoft Visual Studio Solution File, Format Version 12.00
# Visual Studio Version 17
VisualStudioVersion = 17.0.31903.59
MinimumVisualStudioVersion = 10.0.40219.1
Project("{2150E333-8FDC-42A3-9474-1A3956D46DE8}") = "backend", "backend", "{FF1EDA26-3101-484D-AB48-01E3A61DA740}"
	ProjectSection(SolutionItems) = preProject
		.gitignore = .gitignore
	EndProjectSection
EndProject
Project("{2150E333-8FDC-42A3-9474-1A3956D46DE8}") = "frontend", "frontend", "{E3BAC808-1B0A-41D8-BEAD-AD2297C023AF}"
EndProject
Project("{FAE04EC0-301F-11D3-BF4B-00C04F79EFBC}") = "EasyHost.Domain", "EasyHost.Domain\EasyHost.Domain.csproj", "{7DFD97A0-8CDF-4D12-A172-FD3190804A96}"
EndProject
Project("{FAE04EC0-301F-11D3-BF4B-00C04F79EFBC}") = "EasyHost.Application", "EasyHost.Application\EasyHost.Application.csproj", "{E2FD015B-A5AA-4557-82BF-40DF422B9E63}"
EndProject
Project("{FAE04EC0-301F-11D3-BF4B-00C04F79EFBC}") = "EasyHost.Api", "EasyHost.Api\EasyHost.Api.csproj", "{B0A0EA6A-9088-4E7D-A7D7-D9DDAADCB2A2}"
EndProject
Project("{FAE04EC0-301F-11D3-BF4B-00C04F79EFBC}") = "EasyHost.Infrastructure", "EasyHost.Infrastructure\EasyHost.Infrastructure.csproj", "{70794399-3A62-4893-AE23-F574D054282E}"
EndProject
Global
	GlobalSection(SolutionConfigurationPlatforms) = preSolution
		Debug|Any CPU = Debug|Any CPU
		Release|Any CPU = Release|Any CPU
	EndGlobalSection
	GlobalSection(ProjectConfigurationPlatforms) = postSolution
		{7DFD97A0-8CDF-4D12-A172-FD3190804A96}.Debug|Any CPU.ActiveCfg = Debug|Any CPU
		{7DFD97A0-8CDF-4D12-A172-FD3190804A96}.Debug|Any CPU.Build.0 = Debug|Any CPU
		{7DFD97A0-8CDF-4D12-A172-FD3190804A96}.Release|Any CPU.ActiveCfg = Release|Any CPU
		{7DFD97A0-8CDF-4D12-A172-FD3190804A96}.Release|Any CPU.Build.0 = Release|Any CPU
		{E2FD015B-A5AA-4557-82BF-40DF422B9E63}.Debug|Any CPU.ActiveCfg = Debug|Any CPU
		{E2FD015B-A5AA-4557-82BF-40DF422B9E63}.Debug|Any CPU.Build.0 = Debug|Any CPU
		{E2FD015B-A5AA-4557-82BF-40DF422B9E63}.Release|Any CPU.ActiveCfg = Release|Any CPU
		{E2FD015B-A5AA-4557-82BF-40DF422B9E63}.Release|Any CPU.Build.0 = Release|Any CPU
		{B0A0EA6A-9088-4E7D-A7D7-D9DDAADCB2A2}.Debug|Any CPU.ActiveCfg = Debug|Any CPU
		{B0A0EA6A-9088-4E7D-A7D7-D9DDAADCB2A2}.Debug|Any CPU.Build.0 = Debug|Any CPU
		{B0A0EA6A-9088-4E7D-A7D7-D9DDAADCB2A2}.Release|Any CPU.ActiveCfg = Release|Any CPU
		{B0A0EA6A-9088-4E7D-A7D7-D9DDAADCB2A2}.Release|Any CPU.Build.0 = Release|Any CPU
		{70794399-3A62-4893-AE23-F574D054282E}.Debug|Any CPU.ActiveCfg = Debug|Any CPU
		{70794399-3A62-4893-AE23-F574D054282E}.Debug|Any CPU.Build.0 = Debug|Any CPU
		{70794399-3A62-4893-AE23-F574D054282E}.Release|Any CPU.ActiveCfg = Release|Any CPU
		{70794399-3A62-4893-AE23-F574D054282E}.Release|Any CPU.Build.0 = Release|Any CPU
	EndGlobalSection
	GlobalSection(SolutionProperties) = preSolution
		HideSolutionNode = FALSE
	EndGlobalSection
	GlobalSection(NestedProjects) = preSolution
		{7DFD97A0-8CDF-4D12-A172-FD3190804A96} = {FF1EDA26-3101-484D-AB48-01E3A61DA740}
		{E2FD015B-A5AA-4557-82BF-40DF422B9E63} = {FF1EDA26-3101-484D-AB48-01E3A61DA740}
		{B0A0EA6A-9088-4E7D-A7D7-D9DDAADCB2A2} = {FF1EDA26-3101-484D-AB48-01E3A61DA740}
		{70794399-3A62-4893-AE23-F574D054282E} = {FF1EDA26-3101-484D-AB48-01E3A61DA740}
	EndGlobalSection
EndGlobal
